
Microsoft Visual Studio Solution File, Format Version 12.00
# Visual Studio Version 17
VisualStudioVersion = 17.8.34309.116
MinimumVisualStudioVersion = 10.0.40219.1
Project("{8BC9CEB8-8B4A-11D0-8D11-00A0C91BC942}") = "TexToolWrap", "TexToolWrap\TexToolWrap.vcxproj", "{00E173EB-6B49-4055-A00E-18DBB1283C5B}"
EndProject
Project("{9A19103F-16F7-4668-BE54-9A1E7A4F7556}") = "JustDanceEditor.UI", "JustDanceEditor.UI\JustDanceEditor.UI.csproj", "{BCC6531C-BF0C-4C2E-8AE4-E9740D1996C1}"
EndProject
Project("{9A19103F-16F7-4668-BE54-9A1E7A4F7556}") = "JustDanceEditor.Converter", "JustDanceEditor.Converter\JustDanceEditor.Converter.csproj", "{53EF7C3A-1FC5-4E92-AF70-94C78C504DBD}"
EndProject
Project("{9A19103F-16F7-4668-BE54-9A1E7A4F7556}") = "JustDanceEditor.IPK", "JustDanceEditor.IPK\JustDanceEditor.IPK.csproj", "{118392D0-9C63-493D-94FF-3BCC67C939DD}"
EndProject
Project("{9A19103F-16F7-4668-BE54-9A1E7A4F7556}") = "TextureConverter", "TextureConverter\TextureConverter.csproj", "{0308DC52-E115-45C0-A300-8185F8837B11}"
EndProject
Global
	GlobalSection(SolutionConfigurationPlatforms) = preSolution
		Debug|Any CPU = Debug|Any CPU
		Debug|x64 = Debug|x64
		Debug|x86 = Debug|x86
		Release|Any CPU = Release|Any CPU
		Release|x64 = Release|x64
		Release|x86 = Release|x86
	EndGlobalSection
	GlobalSection(ProjectConfigurationPlatforms) = postSolution
		{00E173EB-6B49-4055-A00E-18DBB1283C5B}.Debug|Any CPU.ActiveCfg = Debug|x64
		{00E173EB-6B49-4055-A00E-18DBB1283C5B}.Debug|Any CPU.Build.0 = Debug|x64
		{00E173EB-6B49-4055-A00E-18DBB1283C5B}.Debug|x64.ActiveCfg = Debug|x64
		{00E173EB-6B49-4055-A00E-18DBB1283C5B}.Debug|x64.Build.0 = Debug|x64
		{00E173EB-6B49-4055-A00E-18DBB1283C5B}.Debug|x86.ActiveCfg = Debug|Win32
		{00E173EB-6B49-4055-A00E-18DBB1283C5B}.Debug|x86.Build.0 = Debug|Win32
		{00E173EB-6B49-4055-A00E-18DBB1283C5B}.Release|Any CPU.ActiveCfg = Release|x64
		{00E173EB-6B49-4055-A00E-18DBB1283C5B}.Release|Any CPU.Build.0 = Release|x64
		{00E173EB-6B49-4055-A00E-18DBB1283C5B}.Release|x64.ActiveCfg = Release|x64
		{00E173EB-6B49-4055-A00E-18DBB1283C5B}.Release|x64.Build.0 = Release|x64
		{00E173EB-6B49-4055-A00E-18DBB1283C5B}.Release|x86.ActiveCfg = Release|Win32
		{00E173EB-6B49-4055-A00E-18DBB1283C5B}.Release|x86.Build.0 = Release|Win32
		{BCC6531C-BF0C-4C2E-8AE4-E9740D1996C1}.Debug|Any CPU.ActiveCfg = Debug|Any CPU
		{BCC6531C-BF0C-4C2E-8AE4-E9740D1996C1}.Debug|Any CPU.Build.0 = Debug|Any CPU
		{BCC6531C-BF0C-4C2E-8AE4-E9740D1996C1}.Debug|x64.ActiveCfg = Debug|Any CPU
		{BCC6531C-BF0C-4C2E-8AE4-E9740D1996C1}.Debug|x64.Build.0 = Debug|Any CPU
		{BCC6531C-BF0C-4C2E-8AE4-E9740D1996C1}.Debug|x86.ActiveCfg = Debug|Any CPU
		{BCC6531C-BF0C-4C2E-8AE4-E9740D1996C1}.Debug|x86.Build.0 = Debug|Any CPU
		{BCC6531C-BF0C-4C2E-8AE4-E9740D1996C1}.Release|Any CPU.ActiveCfg = Release|Any CPU
		{BCC6531C-BF0C-4C2E-8AE4-E9740D1996C1}.Release|Any CPU.Build.0 = Release|Any CPU
		{BCC6531C-BF0C-4C2E-8AE4-E9740D1996C1}.Release|x64.ActiveCfg = Release|Any CPU
		{BCC6531C-BF0C-4C2E-8AE4-E9740D1996C1}.Release|x64.Build.0 = Release|Any CPU
		{BCC6531C-BF0C-4C2E-8AE4-E9740D1996C1}.Release|x86.ActiveCfg = Release|Any CPU
		{BCC6531C-BF0C-4C2E-8AE4-E9740D1996C1}.Release|x86.Build.0 = Release|Any CPU
		{53EF7C3A-1FC5-4E92-AF70-94C78C504DBD}.Debug|Any CPU.ActiveCfg = Debug|Any CPU
		{53EF7C3A-1FC5-4E92-AF70-94C78C504DBD}.Debug|Any CPU.Build.0 = Debug|Any CPU
		{53EF7C3A-1FC5-4E92-AF70-94C78C504DBD}.Debug|x64.ActiveCfg = Debug|Any CPU
		{53EF7C3A-1FC5-4E92-AF70-94C78C504DBD}.Debug|x64.Build.0 = Debug|Any CPU
		{53EF7C3A-1FC5-4E92-AF70-94C78C504DBD}.Debug|x86.ActiveCfg = Debug|Any CPU
		{53EF7C3A-1FC5-4E92-AF70-94C78C504DBD}.Debug|x86.Build.0 = Debug|Any CPU
		{53EF7C3A-1FC5-4E92-AF70-94C78C504DBD}.Release|Any CPU.ActiveCfg = Release|Any CPU
		{53EF7C3A-1FC5-4E92-AF70-94C78C504DBD}.Release|Any CPU.Build.0 = Release|Any CPU
		{53EF7C3A-1FC5-4E92-AF70-94C78C504DBD}.Release|x64.ActiveCfg = Release|Any CPU
		{53EF7C3A-1FC5-4E92-AF70-94C78C504DBD}.Release|x64.Build.0 = Release|Any CPU
		{53EF7C3A-1FC5-4E92-AF70-94C78C504DBD}.Release|x86.ActiveCfg = Release|Any CPU
		{53EF7C3A-1FC5-4E92-AF70-94C78C504DBD}.Release|x86.Build.0 = Release|Any CPU
		{118392D0-9C63-493D-94FF-3BCC67C939DD}.Debug|Any CPU.ActiveCfg = Debug|Any CPU
		{118392D0-9C63-493D-94FF-3BCC67C939DD}.Debug|Any CPU.Build.0 = Debug|Any CPU
		{118392D0-9C63-493D-94FF-3BCC67C939DD}.Debug|x64.ActiveCfg = Debug|Any CPU
		{118392D0-9C63-493D-94FF-3BCC67C939DD}.Debug|x64.Build.0 = Debug|Any CPU
		{118392D0-9C63-493D-94FF-3BCC67C939DD}.Debug|x86.ActiveCfg = Debug|Any CPU
		{118392D0-9C63-493D-94FF-3BCC67C939DD}.Debug|x86.Build.0 = Debug|Any CPU
		{118392D0-9C63-493D-94FF-3BCC67C939DD}.Release|Any CPU.ActiveCfg = Release|Any CPU
		{118392D0-9C63-493D-94FF-3BCC67C939DD}.Release|Any CPU.Build.0 = Release|Any CPU
		{118392D0-9C63-493D-94FF-3BCC67C939DD}.Release|x64.ActiveCfg = Release|Any CPU
		{118392D0-9C63-493D-94FF-3BCC67C939DD}.Release|x64.Build.0 = Release|Any CPU
		{118392D0-9C63-493D-94FF-3BCC67C939DD}.Release|x86.ActiveCfg = Release|Any CPU
		{118392D0-9C63-493D-94FF-3BCC67C939DD}.Release|x86.Build.0 = Release|Any CPU
		{0308DC52-E115-45C0-A300-8185F8837B11}.Debug|Any CPU.ActiveCfg = Debug|Any CPU
		{0308DC52-E115-45C0-A300-8185F8837B11}.Debug|Any CPU.Build.0 = Debug|Any CPU
		{0308DC52-E115-45C0-A300-8185F8837B11}.Debug|x64.ActiveCfg = Debug|Any CPU
		{0308DC52-E115-45C0-A300-8185F8837B11}.Debug|x64.Build.0 = Debug|Any CPU
		{0308DC52-E115-45C0-A300-8185F8837B11}.Debug|x86.ActiveCfg = Debug|Any CPU
		{0308DC52-E115-45C0-A300-8185F8837B11}.Debug|x86.Build.0 = Debug|Any CPU
		{0308DC52-E115-45C0-A300-8185F8837B11}.Release|Any CPU.ActiveCfg = Release|Any CPU
		{0308DC52-E115-45C0-A300-8185F8837B11}.Release|Any CPU.Build.0 = Release|Any CPU
		{0308DC52-E115-45C0-A300-8185F8837B11}.Release|x64.ActiveCfg = Release|Any CPU
		{0308DC52-E115-45C0-A300-8185F8837B11}.Release|x64.Build.0 = Release|Any CPU
		{0308DC52-E115-45C0-A300-8185F8837B11}.Release|x86.ActiveCfg = Release|Any CPU
		{0308DC52-E115-45C0-A300-8185F8837B11}.Release|x86.Build.0 = Release|Any CPU
	EndGlobalSection
	GlobalSection(SolutionProperties) = preSolution
		HideSolutionNode = FALSE
	EndGlobalSection
	GlobalSection(ExtensibilityGlobals) = postSolution
		SolutionGuid = {6344EBFD-7C31-4D60-9879-51071676C193}
	EndGlobalSection
EndGlobal
