<Solution>
  <Configurations>
    <Platform Name="Any CPU" />
    <Platform Name="x64" />
    <Platform Name="x86" />
  </Configurations>
  <Project Path="JustDanceEditor.Cli/JustDanceEditor.Cli.csproj" />
  <Project Path="JustDanceEditor.AppHost/JustDanceEditor.AppHost.csproj" />
  <Project Path="JustDanceEditor.Audio.Tests/JustDanceEditor.Audio.Tests.csproj" />
  <Project Path="JustDanceEditor.Audio/JustDanceEditor.Audio.csproj" />
  <Project Path="JustDanceEditor.Conversion.Abstractions/JustDanceEditor.Conversion.Abstractions.csproj" />
  <Project Path="JustDanceEditor.Editor.Tests/JustDanceEditor.Editor.Tests.csproj" />
  <Project Path="JustDanceEditor.Editor/JustDanceEditor.Editor.csproj" />
  <Project Path="JustDanceEditor.Formats.JDI.Tests/JustDanceEditor.Formats.JDI.Tests.csproj" />
  <Project Path="JustDanceEditor.Formats.JDI/JustDanceEditor.Formats.JDI.csproj" />
  <Project Path="JustDanceEditor.Formats.JDNextPC.Tests/JustDanceEditor.Formats.JDNextPC.Tests.csproj" />
  <Project Path="JustDanceEditor.Formats.JDNextPC/JustDanceEditor.Formats.JDNextPC.csproj" />
  <Project Path="JustDanceEditor.Formats.UbiArt.Tests/JustDanceEditor.Formats.UbiArt.Tests.csproj" />
  <Project Path="JustDanceEditor.Formats.UbiArt/JustDanceEditor.Formats.UbiArt.csproj" />
  <Project Path="JustDanceEditor.Formats.Unity.Tests/JustDanceEditor.Formats.Unity.Tests.csproj" />
  <Project Path="JustDanceEditor.Formats.Unity/JustDanceEditor.Formats.Unity.csproj" />
  <Project Path="JustDanceEditor.GUI/JustDanceEditor.GUI.csproj" />
  <Project Path="JustDanceEditor.IPK.Tests/JustDanceEditor.IPK.Tests.csproj" Id="83078f96-23be-42bb-a57d-ac14d79d1141" />
  <Project Path="JustDanceEditor.IPK/JustDanceEditor.IPK.csproj" />
  <Project Path="JustDanceEditor.UI/JustDanceEditor.UI.csproj" />
</Solution>
